
Microsoft Visual Studio Solution File, Format Version 12.00
# Visual Studio 2012
Project("{8BC9CEB8-8B4A-11D0-8D11-00A0C91BC942}") = "Storm inj3ctor", "Storm inj3ctor.vcxproj", "{03832390-A638-4861-920F-31E7CC85D891}"
EndProject
Global
	GlobalSection(SolutionConfigurationPlatforms) = preSolution
		Debug|Win32 = Debug|Win32
		Release|Win32 = Release|Win32
	EndGlobalSection
	GlobalSection(ProjectConfigurationPlatforms) = postSolution
		{03832390-A638-4861-920F-31E7CC85D891}.Debug|Win32.ActiveCfg = Debug|Win32
		{03832390-A638-4861-920F-31E7CC85D891}.Debug|Win32.Build.0 = Debug|Win32
		{03832390-A638-4861-920F-31E7CC85D891}.Release|Win32.ActiveCfg = Release|Win32
		{03832390-A638-4861-920F-31E7CC85D891}.Release|Win32.Build.0 = Release|Win32
	EndGlobalSection
	GlobalSection(SolutionProperties) = preSolution
		HideSolutionNode = FALSE
	EndGlobalSection
EndGlobal
